Microsoft Visual Studio Solution File, Format Version 12.00
# Visual Studio Version 17
VisualStudioVersion = 17.14.35906.104
MinimumVisualStudioVersion = 10.0.40219.1
Project("{8BC9CEB8-8B4A-11D0-8D11-00A0C91BC942}") = "Sierra", "SR.vcxproj", "{FC5812BB-3CCA-42C2-B154-C122D7CE182A}"
EndProject
Project("{8BC9CEB8-8B4A-11D0-8D11-00A0C91BC942}") = "Sierra Suite", "Sierra Spec\Sierra Suite.vcxproj", "{3BBD6751-FCE2-4E47-BBCE-A74C3CC77EF0}"
EndProject
Global
	GlobalSection(SolutionConfigurationPlatforms) = preSolution
		Debug|x64 = Debug|x64
		Debug|x86 = Debug|x86
		Release|x64 = Release|x64
		Release|x86 = Release|x86
	EndGlobalSection
	GlobalSection(ProjectConfigurationPlatforms) = postSolution
		{FC5812BB-3CCA-42C2-B154-C122D7CE182A}.Debug|x64.ActiveCfg = Debug|x64
		{FC5812BB-3CCA-42C2-B154-C122D7CE182A}.Debug|x64.Build.0 = Debug|x64
		{FC5812BB-3CCA-42C2-B154-C122D7CE182A}.Debug|x86.ActiveCfg = Debug|Win32
		{FC5812BB-3CCA-42C2-B154-C122D7CE182A}.Debug|x86.Build.0 = Debug|Win32
		{FC5812BB-3CCA-42C2-B154-C122D7CE182A}.Release|x64.ActiveCfg = Release|x64
		{FC5812BB-3CCA-42C2-B154-C122D7CE182A}.Release|x64.Build.0 = Release|x64
		{FC5812BB-3CCA-42C2-B154-C122D7CE182A}.Release|x86.ActiveCfg = Release|Win32
		{FC5812BB-3CCA-42C2-B154-C122D7CE182A}.Release|x86.Build.0 = Release|Win32
		{3BBD6751-FCE2-4E47-BBCE-A74C3CC77EF0}.Debug|x64.ActiveCfg = Debug|x64
		{3BBD6751-FCE2-4E47-BBCE-A74C3CC77EF0}.Debug|x64.Build.0 = Debug|x64
		{3BBD6751-FCE2-4E47-BBCE-A74C3CC77EF0}.Debug|x86.ActiveCfg = Debug|Win32
		{3BBD6751-FCE2-4E47-BBCE-A74C3CC77EF0}.Debug|x86.Build.0 = Debug|Win32
		{3BBD6751-FCE2-4E47-BBCE-A74C3CC77EF0}.Release|x64.ActiveCfg = Release|x64
		{3BBD6751-FCE2-4E47-BBCE-A74C3CC77EF0}.Release|x64.Build.0 = Release|x64
		{3BBD6751-FCE2-4E47-BBCE-A74C3CC77EF0}.Release|x86.ActiveCfg = Release|Win32
		{3BBD6751-FCE2-4E47-BBCE-A74C3CC77EF0}.Release|x86.Build.0 = Release|Win32
	EndGlobalSection
	GlobalSection(SolutionProperties) = preSolution
		HideSolutionNode = FALSE
	EndGlobalSection
	GlobalSection(ExtensibilityGlobals) = postSolution
		SolutionGuid = {69C978FF-5091-418C-A3BB-DE9E2818EF8B}
	EndGlobalSection
EndGlobal
